{
  "name": "npmtest",
  "version": "1.0.0",
  "lockfileVersion": 2,
  "requires": true,
  "packages": {
    "": {
      "name": "npmtest",
      "version": "1.0.0",
      "license": "Apache-2.0",
      "dependencies": {
        "@step-security/malware-simulator": "^0.0.1"
      },
      "devDependencies": {}
    },
    "node_modules/@step-security/malware-simulator": {
      "version": "0.0.1",
      "resolved": "https://registry.npmjs.org/@step-security/malware-simulator/-/malware-simulator-0.0.1.tgz",
      "integrity": "sha512-VKmXC6ENtFkCqu/fRCDRxiiJuxESzgg36wUKO5kUc2mPwO+4lOPRR//5+1pSxrm/Za+hgA0Dm28o3pVwXizq8A==",
      "hasInstallScript": true
    }
  },
  "dependencies": {
    "@step-security/malware-simulator": {
      "version": "0.0.1",
      "resolved": "https://registry.npmjs.org/@step-security/malware-simulator/-/malware-simulator-0.0.1.tgz",
      "integrity": "sha512-VKmXC6ENtFkCqu/fRCDRxiiJuxESzgg36wUKO5kUc2mPwO+4lOPRR//5+1pSxrm/Za+hgA0Dm28o3pVwXizq8A=="
    }
  }
}
